Microsoft Visual Studio Solution File, Format Version 12.00
# Visual Studio Version 17
VisualStudioVersion = 17.13.35913.81
MinimumVisualStudioVersion = 10.0.40219.1
Project("{FAE04EC0-301F-11D3-BF4B-00C04F79EFBC}") = "LoggerAnalyzer2", "LoggerAnalyzer2.csproj", "{AF0C3430-8295-4E74-AF75-99E03556C010}"
EndProject
Project("{FAE04EC0-301F-11D3-BF4B-00C04F79EFBC}") = "SourceGeneration", "..\SourceGeneration\SourceGeneration\SourceGeneration.csproj", "{36B694C0-6525-448D-0CB7-7A1663D1AD7C}"
EndProject
Global
	GlobalSection(SolutionConfigurationPlatforms) = preSolution
		Debug|Any CPU = Debug|Any CPU
		Release|Any CPU = Release|Any CPU
	EndGlobalSection
	GlobalSection(ProjectConfigurationPlatforms) = postSolution
		{AF0C3430-8295-4E74-AF75-99E03556C010}.Debug|Any CPU.ActiveCfg = Debug|Any CPU
		{AF0C3430-8295-4E74-AF75-99E03556C010}.Debug|Any CPU.Build.0 = Debug|Any CPU
		{AF0C3430-8295-4E74-AF75-99E03556C010}.Release|Any CPU.ActiveCfg = Release|Any CPU
		{AF0C3430-8295-4E74-AF75-99E03556C010}.Release|Any CPU.Build.0 = Release|Any CPU
		{36B694C0-6525-448D-0CB7-7A1663D1AD7C}.Debug|Any CPU.ActiveCfg = Debug|Any CPU
		{36B694C0-6525-448D-0CB7-7A1663D1AD7C}.Debug|Any CPU.Build.0 = Debug|Any CPU
		{36B694C0-6525-448D-0CB7-7A1663D1AD7C}.Release|Any CPU.ActiveCfg = Release|Any CPU
		{36B694C0-6525-448D-0CB7-7A1663D1AD7C}.Release|Any CPU.Build.0 = Release|Any CPU
	EndGlobalSection
	GlobalSection(SolutionProperties) = preSolution
		HideSolutionNode = FALSE
	EndGlobalSection
	GlobalSection(ExtensibilityGlobals) = postSolution
		SolutionGuid = {34BD355D-B805-4A0F-8AD3-F76856FE5E2E}
	EndGlobalSection
EndGlobal
